// !$*UTF8*$!
{
	archiveVersion = 1;
	classes = {
	};
	objectVersion = 55;
	objects = {

/* Begin PBXBuildFile section */
		63496B10272D9377005AEA77 /* AVKit.framework in Frameworks */ = {isa = PBXBuildFile; fileRef = 63496B0F272D9377005AEA77 /* AVKit.framework */; };
		63496B12272D95B0005AEA77 /* Constants.swift in Sources */ = {isa = PBXBuildFile; fileRef = 63496B11272D95B0005AEA77 /* Constants.swift */; };
		63496B64273314EA005AEA77 /* CodeTextView.swift in Sources */ = {isa = PBXBuildFile; fileRef = 63496B63273314EA005AEA77 /* CodeTextView.swift */; };
		6380FFAF272C63CA001C1584 /* ContentView.swift in Sources */ = {isa = PBXBuildFile; fileRef = 6380FFAE272C63CA001C1584 /* ContentView.swift */; };
		63A435782735878C00D82779 /* ButtonView.swift in Sources */ = {isa = PBXBuildFile; fileRef = 63A435772735878C00D82779 /* ButtonView.swift */; };
		63AFE6F6272CC51B00EB8298 /* ContentViewCard.swift in Sources */ = {isa = PBXBuildFile; fileRef = 63AFE6F5272CC51B00EB8298 /* ContentViewCard.swift */; };
		63AFE6F8272CC73C00EB8298 /* ContentViewDetail.swift in Sources */ = {isa = PBXBuildFile; fileRef = 63AFE6F7272CC73C00EB8298 /* ContentViewDetail.swift */; };
		63E0621A2728A7EA00F1188E /* LearningApp.swift in Sources */ = {isa = PBXBuildFile; fileRef = 63E062192728A7EA00F1188E /* LearningApp.swift */; };
		63E0621C2728A7EA00F1188E /* HomeView.swift in Sources */ = {isa = PBXBuildFile; fileRef = 63E0621B2728A7EA00F1188E /* HomeView.swift */; };
		63E0621E2728A7EB00F1188E /* Assets.xcassets in Resources */ = {isa = PBXBuildFile; fileRef = 63E0621D2728A7EB00F1188E /* Assets.xcassets */; };
		63E062212728A7EB00F1188E /* Preview Assets.xcassets in Resources */ = {isa = PBXBuildFile; fileRef = 63E062202728A7EB00F1188E /* Preview Assets.xcassets */; };
		63E0622C2728A8C700F1188E /* ContentModel.swift in Sources */ = {isa = PBXBuildFile; fileRef = 63E0622B2728A8C700F1188E /* ContentModel.swift */; };
		63E062322728CAA100F1188E /* data.json in Resources */ = {isa = PBXBuildFile; fileRef = 63E062302728CAA100F1188E /* data.json */; };
		63E062332728CAA100F1188E /* style.html in Resources */ = {isa = PBXBuildFile; fileRef = 63E062312728CAA100F1188E /* style.html */; };
		63E062352728CE4000F1188E /* Models.swift in Sources */ = {isa = PBXBuildFile; fileRef = 63E062342728CE4000F1188E /* Models.swift */; };
		63E0623B2728D57900F1188E /* Services.swift in Sources */ = {isa = PBXBuildFile; fileRef = 63E0623A2728D57900F1188E /* Services.swift */; };
		63E0623F27298F2C00F1188E /* HomeViewCard.swift in Sources */ = {isa = PBXBuildFile; fileRef = 63E0623E27298F2C00F1188E /* HomeViewCard.swift */; };
/* End PBXBuildFile section */

/* Begin PBXFileReference section */
		63496B0D272D9359005AEA77 /* Info.plist */ = {isa = PBXFileReference; lastKnownFileType = text.plist; path = Info.plist; sourceTree = "<group>"; };
		63496B0F272D9377005AEA77 /* AVKit.framework */ = {isa = PBXFileReference; lastKnownFileType = wrapper.framework; name = AVKit.framework; path = System/Library/Frameworks/AVKit.framework; sourceTree = SDKROOT; };
		63496B11272D95B0005AEA77 /* Constants.swift */ = {isa = PBXFileReference; lastKnownFileType = sourcecode.swift; path = Constants.swift; sourceTree = "<group>"; };
		63496B63273314EA005AEA77 /* CodeTextView.swift */ = {isa = PBXFileReference; lastKnownFileType = sourcecode.swift; path = CodeTextView.swift; sourceTree = "<group>"; };
		6380FFAE272C63CA001C1584 /* ContentView.swift */ = {isa = PBXFileReference; lastKnownFileType = sourcecode.swift; path = ContentView.swift; sourceTree = "<group>"; };
		63A435772735878C00D82779 /* ButtonView.swift */ = {isa = PBXFileReference; lastKnownFileType = sourcecode.swift; path = ButtonView.swift; sourceTree = "<group>"; };
		63AFE6F5272CC51B00EB8298 /* ContentViewCard.swift */ = {isa = PBXFileReference; lastKnownFileType = sourcecode.swift; path = ContentViewCard.swift; sourceTree = "<group>"; };
		63AFE6F7272CC73C00EB8298 /* ContentViewDetail.swift */ = {isa = PBXFileReference; lastKnownFileType = sourcecode.swift; path = ContentViewDetail.swift; sourceTree = "<group>"; };
		63E062162728A7EA00F1188E /* LearningApp.app */ = {isa = PBXFileReference; explicitFileType = wrapper.application; includeInIndex = 0; path = LearningApp.app; sourceTree = BUILT_PRODUCTS_DIR; };
		63E062192728A7EA00F1188E /* LearningApp.swift */ = {isa = PBXFileReference; lastKnownFileType = sourcecode.swift; path = LearningApp.swift; sourceTree = "<group>"; };
		63E0621B2728A7EA00F1188E /* HomeView.swift */ = {isa = PBXFileReference; lastKnownFileType = sourcecode.swift; path = HomeView.swift; sourceTree = "<group>"; };
		63E0621D2728A7EB00F1188E /* Assets.xcassets */ = {isa = PBXFileReference; lastKnownFileType = folder.assetcatalog; path = Assets.xcassets; sourceTree = "<group>"; };
		63E062202728A7EB00F1188E /* Preview Assets.xcassets */ = {isa = PBXFileReference; lastKnownFileType = folder.assetcatalog; path = "Preview Assets.xcassets"; sourceTree = "<group>"; };
		63E0622B2728A8C700F1188E /* ContentModel.swift */ = {isa = PBXFileReference; lastKnownFileType = sourcecode.swift; path = ContentModel.swift; sourceTree = "<group>"; };
		63E062302728CAA100F1188E /* data.json */ = {isa = PBXFileReference; fileEncoding = 4; lastKnownFileType = text.json; path = data.json; sourceTree = "<group>"; };
		63E062312728CAA100F1188E /* style.html */ = {isa = PBXFileReference; fileEncoding = 4; lastKnownFileType = text.html; path = style.html; sourceTree = "<group>"; };
		63E062342728CE4000F1188E /* Models.swift */ = {isa = PBXFileReference; lastKnownFileType = sourcecode.swift; path = Models.swift; sourceTree = "<group>"; };
		63E0623A2728D57900F1188E /* Services.swift */ = {isa = PBXFileReference; lastKnownFileType = sourcecode.swift; path = Services.swift; sourceTree = "<group>"; };
		63E0623E27298F2C00F1188E /* HomeViewCard.swift */ = {isa = PBXFileReference; lastKnownFileType = sourcecode.swift; path = HomeViewCard.swift; sourceTree = "<group>"; };
/* End PBXFileReference section */

/* Begin PBXFrameworksBuildPhase section */
		63E062132728A7EA00F1188E /* Frameworks */ = {
			isa = PBXFrameworksBuildPhase;
			buildActionMask = 2147483647;
			files = (
				63496B10272D9377005AEA77 /* AVKit.framework in Frameworks */,
			);
			runOnlyForDeploymentPostprocessing = 0;
		};
/* End PBXFrameworksBuildPhase section */

/* Begin PBXGroup section */
		63496B0E272D9377005AEA77 /* Frameworks */ = {
			isa = PBXGroup;
			children = (
				63496B0F272D9377005AEA77 /* AVKit.framework */,
			);
			name = Frameworks;
			sourceTree = "<group>";
		};
		63E0620D2728A7EA00F1188E = {
			isa = PBXGroup;
			children = (
				63E062182728A7EA00F1188E /* LearningApp */,
				63E062172728A7EA00F1188E /* Products */,
				63496B0E272D9377005AEA77 /* Frameworks */,
			);
			sourceTree = "<group>";
		};
		63E062172728A7EA00F1188E /* Products */ = {
			isa = PBXGroup;
			children = (
				63E062162728A7EA00F1188E /* LearningApp.app */,
			);
			name = Products;
			sourceTree = "<group>";
		};
		63E062182728A7EA00F1188E /* LearningApp */ = {
			isa = PBXGroup;
			children = (
				63496B0D272D9359005AEA77 /* Info.plist */,
				63E062192728A7EA00F1188E /* LearningApp.swift */,
				63E0622A2728A86200F1188E /* Views */,
				63E062292728A85900F1188E /* ViewModels */,
				63E062282728A84700F1188E /* Models */,
				63E062272728A83B00F1188E /* Services */,
				63E0622F2728CA8700F1188E /* Resources */,
				63E0621D2728A7EB00F1188E /* Assets.xcassets */,
				63E0621F2728A7EB00F1188E /* Preview Content */,
			);
			path = LearningApp;
			sourceTree = "<group>";
		};
		63E0621F2728A7EB00F1188E /* Preview Content */ = {
			isa = PBXGroup;
			children = (
				63E062202728A7EB00F1188E /* Preview Assets.xcassets */,
			);
			path = "Preview Content";
			sourceTree = "<group>";
		};
		63E062272728A83B00F1188E /* Services */ = {
			isa = PBXGroup;
			children = (
				63E0623A2728D57900F1188E /* Services.swift */,
			);
			path = Services;
			sourceTree = "<group>";
		};
		63E062282728A84700F1188E /* Models */ = {
			isa = PBXGroup;
			children = (
				63E062342728CE4000F1188E /* Models.swift */,
			);
			path = Models;
			sourceTree = "<group>";
		};
		63E062292728A85900F1188E /* ViewModels */ = {
			isa = PBXGroup;
			children = (
				63E0622B2728A8C700F1188E /* ContentModel.swift */,
			);
			path = ViewModels;
			sourceTree = "<group>";
		};
		63E0622A2728A86200F1188E /* Views */ = {
			isa = PBXGroup;
			children = (
				63E0621B2728A7EA00F1188E /* HomeView.swift */,
				63E0623E27298F2C00F1188E /* HomeViewCard.swift */,
				6380FFAE272C63CA001C1584 /* ContentView.swift */,
				63AFE6F5272CC51B00EB8298 /* ContentViewCard.swift */,
				63AFE6F7272CC73C00EB8298 /* ContentViewDetail.swift */,
				63496B63273314EA005AEA77 /* CodeTextView.swift */,
				63A435772735878C00D82779 /* ButtonView.swift */,
			);
			path = Views;
			sourceTree = "<group>";
		};
		63E0622F2728CA8700F1188E /* Resources */ = {
			isa = PBXGroup;
			children = (
				63E062302728CAA100F1188E /* data.json */,
				63E062312728CAA100F1188E /* style.html */,
				63496B11272D95B0005AEA77 /* Constants.swift */,
			);
			path = Resources;
			sourceTree = "<group>";
		};
/* End PBXGroup section */

/* Begin PBXNativeTarget section */
		63E062152728A7EA00F1188E /* LearningApp */ = {
			isa = PBXNativeTarget;
			buildConfigurationList = 63E062242728A7EB00F1188E /* Build configuration list for PBXNativeTarget "LearningApp" */;
			buildPhases = (
				63E062122728A7EA00F1188E /* Sources */,
				63E062132728A7EA00F1188E /* Frameworks */,
				63E062142728A7EA00F1188E /* Resources */,
			);
			buildRules = (
			);
			dependencies = (
			);
			name = LearningApp;
			productName = LearningApp;
			productReference = 63E062162728A7EA00F1188E /* LearningApp.app */;
			productType = "com.apple.product-type.application";
		};
/* End PBXNativeTarget section */

/* Begin PBXProject section */
		63E0620E2728A7EA00F1188E /* Project object */ = {
			isa = PBXProject;
			attributes = {
				BuildIndependentTargetsInParallel = 1;
				LastSwiftUpdateCheck = 1310;
				LastUpgradeCheck = 1310;
				TargetAttributes = {
					63E062152728A7EA00F1188E = {
						CreatedOnToolsVersion = 13.1;
					};
				};
			};
			buildConfigurationList = 63E062112728A7EA00F1188E /* Build configuration list for PBXProject "LearningApp" */;
			compatibilityVersion = "Xcode 13.0";
			developmentRegion = en;
			hasScannedForEncodings = 0;
			knownRegions = (
				en,
				Base,
			);
			mainGroup = 63E0620D2728A7EA00F1188E;
			productRefGroup = 63E062172728A7EA00F1188E /* Products */;
			projectDirPath = "";
			projectRoot = "";
			targets = (
				63E062152728A7EA00F1188E /* LearningApp */,
			);
		};
/* End PBXProject section */

/* Begin PBXResourcesBuildPhase section */
		63E062142728A7EA00F1188E /* Resources */ = {
			isa = PBXResourcesBuildPhase;
			buildActionMask = 2147483647;
			files = (
				63E062212728A7EB00F1188E /* Preview Assets.xcassets in Resources */,
				63E062322728CAA100F1188E /* data.json in Resources */,
				63E062332728CAA100F1188E /* style.html in Resources */,
				63E0621E2728A7EB00F1188E /* Assets.xcassets in Resources */,
			);
			runOnlyForDeploymentPostprocessing = 0;
		};
/* End PBXResourcesBuildPhase section */

/* Begin PBXSourcesBuildPhase section */
		63E062122728A7EA00F1188E /* Sources */ = {
			isa = PBXSourcesBuildPhase;
			buildActionMask = 2147483647;
			files = (
				63AFE6F6272CC51B00EB8298 /* ContentViewCard.swift in Sources */,
				63E0623B2728D57900F1188E /* Services.swift in Sources */,
				63A435782735878C00D82779 /* ButtonView.swift in Sources */,
				63E0621C2728A7EA00F1188E /* HomeView.swift in Sources */,
				6380FFAF272C63CA001C1584 /* ContentView.swift in Sources */,
				63AFE6F8272CC73C00EB8298 /* ContentViewDetail.swift in Sources */,
				63496B12272D95B0005AEA77 /* Constants.swift in Sources */,
				63E062352728CE4000F1188E /* Models.swift in Sources */,
				63E0621A2728A7EA00F1188E /* LearningApp.swift in Sources */,
				63E0622C2728A8C700F1188E /* ContentModel.swift in Sources */,
				63E0623F27298F2C00F1188E /* HomeViewCard.swift in Sources */,
				63496B64273314EA005AEA77 /* CodeTextView.swift in Sources */,
			);
			runOnlyForDeploymentPostprocessing = 0;
		};
/* End PBXSourcesBuildPhase section */

/* Begin XCBuildConfiguration section */
		63E062222728A7EB00F1188E /* Debug */ = {
			isa = XCBuildConfiguration;
			buildSettings = {
				ALWAYS_SEARCH_USER_PATHS = NO;
				CLANG_ANALYZER_NONNULL = YES;
				CLANG_ANALYZER_NUMBER_OBJECT_CONVERSION = YES_AGGRESSIVE;
				CLANG_CXX_LANGUAGE_STANDARD = "gnu++17";
				CLANG_CXX_LIBRARY = "libc++";
				CLANG_ENABLE_MODULES = YES;
				CLANG_ENABLE_OBJC_ARC = YES;
				CLANG_ENABLE_OBJC_WEAK = YES;
				CLANG_WARN_BLOCK_CAPTURE_AUTORELEASING = YES;
				CLANG_WARN_BOOL_CONVERSION = YES;
				CLANG_WARN_COMMA = YES;
				CLANG_WARN_CONSTANT_CONVERSION = YES;
				CLANG_WARN_DEPRECATED_OBJC_IMPLEMENTATIONS = YES;
				CLANG_WARN_DIRECT_OBJC_ISA_USAGE = YES_ERROR;
				CLANG_WARN_DOCUMENTATION_COMMENTS = YES;
				CLANG_WARN_EMPTY_BODY = YES;
				CLANG_WARN_ENUM_CONVERSION = YES;
				CLANG_WARN_INFINITE_RECURSION = YES;
				CLANG_WARN_INT_CONVERSION = YES;
				CLANG_WARN_NON_LITERAL_NULL_CONVERSION = YES;
				CLANG_WARN_OBJC_IMPLICIT_RETAIN_SELF = YES;
				CLANG_WARN_OBJC_LITERAL_CONVERSION = YES;
				CLANG_WARN_OBJC_ROOT_CLASS = YES_ERROR;
				CLANG_WARN_QUOTED_INCLUDE_IN_FRAMEWORK_HEADER = YES;
				CLANG_WARN_RANGE_LOOP_ANALYSIS = YES;
				CLANG_WARN_STRICT_PROTOTYPES = YES;
				CLANG_WARN_SUSPICIOUS_MOVE = YES;
				CLANG_WARN_UNGUARDED_AVAILABILITY = YES_AGGRESSIVE;
				CLANG_WARN_UNREACHABLE_CODE = YES;
				CLANG_WARN__DUPLICATE_METHOD_MATCH = YES;
				COPY_PHASE_STRIP = NO;
				DEBUG_INFORMATION_FORMAT = dwarf;
				ENABLE_STRICT_OBJC_MSGSEND = YES;
				ENABLE_TESTABILITY = YES;
				GCC_C_LANGUAGE_STANDARD = gnu11;
				GCC_DYNAMIC_NO_PIC = NO;
				GCC_NO_COMMON_BLOCKS = YES;
				GCC_OPTIMIZATION_LEVEL = 0;
				GCC_PREPROCESSOR_DEFINITIONS = (
					"DEBUG=1",
					"$(inherited)",
				);
				GCC_WARN_64_TO_32_BIT_CONVERSION = YES;
				GCC_WARN_ABOUT_RETURN_TYPE = YES_ERROR;
				GCC_WARN_UNDECLARED_SELECTOR = YES;
				GCC_WARN_UNINITIALIZED_AUTOS = YES_AGGRESSIVE;
				GCC_WARN_UNUSED_FUNCTION = YES;
				GCC_WARN_UNUSED_VARIABLE = YES;
				IPHONEOS_DEPLOYMENT_TARGET = 15.0;
				MTL_ENABLE_DEBUG_INFO = INCLUDE_SOURCE;
				MTL_FAST_MATH = YES;
				ONLY_ACTIVE_ARCH = YES;
				SDKROOT = iphoneos;
				SWIFT_ACTIVE_COMPILATION_CONDITIONS = DEBUG;
				SWIFT_OPTIMIZATION_LEVEL = "-Onone";
			};
			name = Debug;
		};
		63E062232728A7EB00F1188E /* Release */ = {
			isa = XCBuildConfiguration;
			buildSettings = {
				ALWAYS_SEARCH_USER_PATHS = NO;
				CLANG_ANALYZER_NONNULL = YES;
				CLANG_ANALYZER_NUMBER_OBJECT_CONVERSION = YES_AGGRESSIVE;
				CLANG_CXX_LANGUAGE_STANDARD = "gnu++17";
				CLANG_CXX_LIBRARY = "libc++";
				CLANG_ENABLE_MODULES = YES;
				CLANG_ENABLE_OBJC_ARC = YES;
				CLANG_ENABLE_OBJC_WEAK = YES;
				CLANG_WARN_BLOCK_CAPTURE_AUTORELEASING = YES;
				CLANG_WARN_BOOL_CONVERSION = YES;
				CLANG_WARN_COMMA = YES;
				CLANG_WARN_CONSTANT_CONVERSION = YES;
				CLANG_WARN_DEPRECATED_OBJC_IMPLEMENTATIONS = YES;
				CLANG_WARN_DIRECT_OBJC_ISA_USAGE = YES_ERROR;
				CLANG_WARN_DOCUMENTATION_COMMENTS = YES;
				CLANG_WARN_EMPTY_BODY = YES;
				CLANG_WARN_ENUM_CONVERSION = YES;
				CLANG_WARN_INFINITE_RECURSION = YES;
				CLANG_WARN_INT_CONVERSION = YES;
				CLANG_WARN_NON_LITERAL_NULL_CONVERSION = YES;
				CLANG_WARN_OBJC_IMPLICIT_RETAIN_SELF = YES;
				CLANG_WARN_OBJC_LITERAL_CONVERSION = YES;
				CLANG_WARN_OBJC_ROOT_CLASS = YES_ERROR;
				CLANG_WARN_QUOTED_INCLUDE_IN_FRAMEWORK_HEADER = YES;
				CLANG_WARN_RANGE_LOOP_ANALYSIS = YES;
				CLANG_WARN_STRICT_PROTOTYPES = YES;
				CLANG_WARN_SUSPICIOUS_MOVE = YES;
				CLANG_WARN_UNGUARDED_AVAILABILITY = YES_AGGRESSIVE;
				CLANG_WARN_UNREACHABLE_CODE = YES;
				CLANG_WARN__DUPLICATE_METHOD_MATCH = YES;
				COPY_PHASE_STRIP = NO;
				DEBUG_INFORMATION_FORMAT = "dwarf-with-dsym";
				ENABLE_NS_ASSERTIONS = NO;
				ENABLE_STRICT_OBJC_MSGSEND = YES;
				GCC_C_LANGUAGE_STANDARD = gnu11;
				GCC_NO_COMMON_BLOCKS = YES;
				GCC_WARN_64_TO_32_BIT_CONVERSION = YES;
				GCC_WARN_ABOUT_RETURN_TYPE = YES_ERROR;
				GCC_WARN_UNDECLARED_SELECTOR = YES;
				GCC_WARN_UNINITIALIZED_AUTOS = YES_AGGRESSIVE;
				GCC_WARN_UNUSED_FUNCTION = YES;
				GCC_WARN_UNUSED_VARIABLE = YES;
				IPHONEOS_DEPLOYMENT_TARGET = 15.0;
				MTL_ENABLE_DEBUG_INFO = NO;
				MTL_FAST_MATH = YES;
				SDKROOT = iphoneos;
				SWIFT_COMPILATION_MODE = wholemodule;
				SWIFT_OPTIMIZATION_LEVEL = "-O";
				VALIDATE_PRODUCT = YES;
			};
			name = Release;
		};
		63E062252728A7EB00F1188E /* Debug */ = {
			isa = XCBuildConfiguration;
			buildSettings = {
				ASSETCATALOG_COMPILER_APPICON_NAME = AppIcon;
				ASSETCATALOG_COMPILER_GLOBAL_ACCENT_COLOR_NAME = AccentColor;
				CODE_SIGN_STYLE = Automatic;
				CURRENT_PROJECT_VERSION = 1;
				DEVELOPMENT_ASSET_PATHS = "\"LearningApp/Preview Content\"";
				ENABLE_PREVIEWS = YES;
				GENERATE_INFOPLIST_FILE = YES;
				INFOPLIST_FILE = LearningApp/Info.plist;
				INFOPLIST_KEY_UIApplicationSceneManifest_Generation = YES;
				INFOPLIST_KEY_UIApplicationSupportsIndirectInputEvents = YES;
				INFOPLIST_KEY_UILaunchScreen_Generation = YES;
				INFOPLIST_KEY_UISupportedInterfaceOrientations_iPad = "UIInterfaceOrientationPortrait UIInterfaceOrientationPortraitUpsideDown UIInterfaceOrientationLandscapeLeft UIInterfaceOrientationLandscapeRight";
				INFOPLIST_KEY_UISupportedInterfaceOrientations_iPhone = "UIInterfaceOrientationPortrait UIInterfaceOrientationLandscapeLeft UIInterfaceOrientationLandscapeRight";
				LD_RUNPATH_SEARCH_PATHS = (
					"$(inherited)",
					"@executable_path/Frameworks",
				);
				MARKETING_VERSION = 1.0;
				PRODUCT_BUNDLE_IDENTIFIER = com.jeffsweeney.LearningApp;
				PRODUCT_NAME = "$(TARGET_NAME)";
				SWIFT_EMIT_LOC_STRINGS = YES;
				SWIFT_VERSION = 5.0;
				TARGETED_DEVICE_FAMILY = "1,2";
			};
			name = Debug;
		};
		63E062262728A7EB00F1188E /* Release */ = {
			isa = XCBuildConfiguration;
			buildSettings = {
				ASSETCATALOG_COMPILER_APPICON_NAME = AppIcon;
				ASSETCATALOG_COMPILER_GLOBAL_ACCENT_COLOR_NAME = AccentColor;
				CODE_SIGN_STYLE = Automatic;
				CURRENT_PROJECT_VERSION = 1;
				DEVELOPMENT_ASSET_PATHS = "\"LearningApp/Preview Content\"";
				ENABLE_PREVIEWS = YES;
				GENERATE_INFOPLIST_FILE = YES;
				INFOPLIST_FILE = LearningApp/Info.plist;
				INFOPLIST_KEY_UIApplicationSceneManifest_Generation = YES;
				INFOPLIST_KEY_UIApplicationSupportsIndirectInputEvents = YES;
				INFOPLIST_KEY_UILaunchScreen_Generation = YES;
				INFOPLIST_KEY_UISupportedInterfaceOrientations_iPad = "UIInterfaceOrientationPortrait UIInterfaceOrientationPortraitUpsideDown UIInterfaceOrientationLandscapeLeft UIInterfaceOrientationLandscapeRight";
				INFOPLIST_KEY_UISupportedInterfaceOrientations_iPhone = "UIInterfaceOrientationPortrait UIInterfaceOrientationLandscapeLeft UIInterfaceOrientationLandscapeRight";
				LD_RUNPATH_SEARCH_PATHS = (
					"$(inherited)",
					"@executable_path/Frameworks",
				);
				MARKETING_VERSION = 1.0;
				PRODUCT_BUNDLE_IDENTIFIER = com.jeffsweeney.LearningApp;
				PRODUCT_NAME = "$(TARGET_NAME)";
				SWIFT_EMIT_LOC_STRINGS = YES;
				SWIFT_VERSION = 5.0;
				TARGETED_DEVICE_FAMILY = "1,2";
			};
			name = Release;
		};
/* End XCBuildConfiguration section */

/* Begin XCConfigurationList section */
		63E062112728A7EA00F1188E /* Build configuration list for PBXProject "LearningApp" */ = {
			isa = XCConfigurationList;
			buildConfigurations = (
				63E062222728A7EB00F1188E /* Debug */,
				63E062232728A7EB00F1188E /* Release */,
			);
			defaultConfigurationIsVisible = 0;
			defaultConfigurationName = Release;
		};
		63E062242728A7EB00F1188E /* Build configuration list for PBXNativeTarget "LearningApp" */ = {
			isa = XCConfigurationList;
			buildConfigurations = (
				63E062252728A7EB00F1188E /* Debug */,
				63E062262728A7EB00F1188E /* Release */,
			);
			defaultConfigurationIsVisible = 0;
			defaultConfigurationName = Release;
		};
/* End XCConfigurationList section */
	};
	rootObject = 63E0620E2728A7EA00F1188E /* Project object */;
}
